// !$*UTF8*$!
{
	archiveVersion = 1;
	classes = {
	};
	objectVersion = 51;
	objects = {

/* Begin PBXBuildFile section */
		3E995C5F651C5716FB367885 /* Pods_SuperTrainingProgrammatically.framework in Frameworks */ = {isa = PBXBuildFile; fileRef = C790CF10BEB092675C6077CC /* Pods_SuperTrainingProgrammatically.framework */; };
		8AF2496523FF1CF200636A2B /* AppDelegate.swift in Sources */ = {isa = PBXBuildFile; fileRef = 8AF2496423FF1CF200636A2B /* AppDelegate.swift */; };
		8AF2496C23FF1CF400636A2B /* Assets.xcassets in Resources */ = {isa = PBXBuildFile; fileRef = 8AF2496B23FF1CF400636A2B /* Assets.xcassets */; };
		8AF2496F23FF1CF400636A2B /* LaunchScreen.storyboard in Resources */ = {isa = PBXBuildFile; fileRef = 8AF2496D23FF1CF400636A2B /* LaunchScreen.storyboard */; };
		8AF2497723FF1F1200636A2B /* GoogleService-Info.plist in Resources */ = {isa = PBXBuildFile; fileRef = 8AF2497623FF1F1200636A2B /* GoogleService-Info.plist */; };
		8AF2497923FF250D00636A2B /* LaunchViewController.swift in Sources */ = {isa = PBXBuildFile; fileRef = 8AF2497823FF250D00636A2B /* LaunchViewController.swift */; };
		8AF2497B23FF254F00636A2B /* LoginController.swift in Sources */ = {isa = PBXBuildFile; fileRef = 8AF2497A23FF254F00636A2B /* LoginController.swift */; };
		8AF2497D23FF257800636A2B /* SignInController.swift in Sources */ = {isa = PBXBuildFile; fileRef = 8AF2497C23FF257800636A2B /* SignInController.swift */; };
		8AF2498023FF25E000636A2B /* Alert.swift in Sources */ = {isa = PBXBuildFile; fileRef = 8AF2497F23FF25E000636A2B /* Alert.swift */; };
		8AF2498223FF264000636A2B /* FlagsController.swift in Sources */ = {isa = PBXBuildFile; fileRef = 8AF2498123FF264000636A2B /* FlagsController.swift */; };
/* End PBXBuildFile section */

/* Begin PBXFileReference section */
		5B4CECE37DBA44623B5A5274 /* Pods-SuperTrainingProgrammatically.release.xcconfig */ = {isa = PBXFileReference; includeInIndex = 1; lastKnownFileType = text.xcconfig; name = "Pods-SuperTrainingProgrammatically.release.xcconfig"; path = "Target Support Files/Pods-SuperTrainingProgrammatically/Pods-SuperTrainingProgrammatically.release.xcconfig"; sourceTree = "<group>"; };
		8AF2496123FF1CF200636A2B /* SuperTrainingProgrammatically.app */ = {isa = PBXFileReference; explicitFileType = wrapper.application; includeInIndex = 0; path = SuperTrainingProgrammatically.app; sourceTree = BUILT_PRODUCTS_DIR; };
		8AF2496423FF1CF200636A2B /* AppDelegate.swift */ = {isa = PBXFileReference; lastKnownFileType = sourcecode.swift; path = AppDelegate.swift; sourceTree = "<group>"; };
		8AF2496B23FF1CF400636A2B /* Assets.xcassets */ = {isa = PBXFileReference; lastKnownFileType = folder.assetcatalog; path = Assets.xcassets; sourceTree = "<group>"; };
		8AF2496E23FF1CF400636A2B /* Base */ = {isa = PBXFileReference; lastKnownFileType = file.storyboard; name = Base; path = Base.lproj/LaunchScreen.storyboard; sourceTree = "<group>"; };
		8AF2497023FF1CF400636A2B /* Info.plist */ = {isa = PBXFileReference; lastKnownFileType = text.plist.xml; path = Info.plist; sourceTree = "<group>"; };
		8AF2497623FF1F1200636A2B /* GoogleService-Info.plist */ = {isa = PBXFileReference; fileEncoding = 4; lastKnownFileType = text.plist.xml; path = "GoogleService-Info.plist"; sourceTree = "<group>"; };
		8AF2497823FF250D00636A2B /* LaunchViewController.swift */ = {isa = PBXFileReference; lastKnownFileType = sourcecode.swift; path = LaunchViewController.swift; sourceTree = "<group>"; };
		8AF2497A23FF254F00636A2B /* LoginController.swift */ = {isa = PBXFileReference; lastKnownFileType = sourcecode.swift; path = LoginController.swift; sourceTree = "<group>"; };
		8AF2497C23FF257800636A2B /* SignInController.swift */ = {isa = PBXFileReference; lastKnownFileType = sourcecode.swift; path = SignInController.swift; sourceTree = "<group>"; };
		8AF2497F23FF25E000636A2B /* Alert.swift */ = {isa = PBXFileReference; lastKnownFileType = sourcecode.swift; path = Alert.swift; sourceTree = "<group>"; };
		8AF2498123FF264000636A2B /* FlagsController.swift */ = {isa = PBXFileReference; lastKnownFileType = sourcecode.swift; path = FlagsController.swift; sourceTree = "<group>"; };
		B2701E9548CAF007643F79B3 /* Pods-SuperTrainingProgrammatically.debug.xcconfig */ = {isa = PBXFileReference; includeInIndex = 1; lastKnownFileType = text.xcconfig; name = "Pods-SuperTrainingProgrammatically.debug.xcconfig"; path = "Target Support Files/Pods-SuperTrainingProgrammatically/Pods-SuperTrainingProgrammatically.debug.xcconfig"; sourceTree = "<group>"; };
		C790CF10BEB092675C6077CC /* Pods_SuperTrainingProgrammatically.framework */ = {isa = PBXFileReference; explicitFileType = wrapper.framework; includeInIndex = 0; path = Pods_SuperTrainingProgrammatically.framework; sourceTree = BUILT_PRODUCTS_DIR; };
/* End PBXFileReference section */

/* Begin PBXFrameworksBuildPhase section */
		8AF2495E23FF1CF200636A2B /* Frameworks */ = {
			isa = PBXFrameworksBuildPhase;
			buildActionMask = 2147483647;
			files = (
				3E995C5F651C5716FB367885 /* Pods_SuperTrainingProgrammatically.framework in Frameworks */,
			);
			runOnlyForDeploymentPostprocessing = 0;
		};
/* End PBXFrameworksBuildPhase section */

/* Begin PBXGroup section */
		4CA73B0ADA824DB6EF056B22 /* Frameworks */ = {
			isa = PBXGroup;
			children = (
				C790CF10BEB092675C6077CC /* Pods_SuperTrainingProgrammatically.framework */,
			);
			name = Frameworks;
			sourceTree = "<group>";
		};
		50072D698FD28A916F9BC1F2 /* Pods */ = {
			isa = PBXGroup;
			children = (
				B2701E9548CAF007643F79B3 /* Pods-SuperTrainingProgrammatically.debug.xcconfig */,
				5B4CECE37DBA44623B5A5274 /* Pods-SuperTrainingProgrammatically.release.xcconfig */,
			);
			path = Pods;
			sourceTree = "<group>";
		};
		8AF2495823FF1CF200636A2B = {
			isa = PBXGroup;
			children = (
				8AF2496323FF1CF200636A2B /* SuperTrainingProgrammatically */,
				8AF2496223FF1CF200636A2B /* Products */,
				50072D698FD28A916F9BC1F2 /* Pods */,
				4CA73B0ADA824DB6EF056B22 /* Frameworks */,
			);
			sourceTree = "<group>";
		};
		8AF2496223FF1CF200636A2B /* Products */ = {
			isa = PBXGroup;
			children = (
				8AF2496123FF1CF200636A2B /* SuperTrainingProgrammatically.app */,
			);
			name = Products;
			sourceTree = "<group>";
		};
		8AF2496323FF1CF200636A2B /* SuperTrainingProgrammatically */ = {
			isa = PBXGroup;
			children = (
				8AF2496423FF1CF200636A2B /* AppDelegate.swift */,
				8AF2496B23FF1CF400636A2B /* Assets.xcassets */,
				8AF2496D23FF1CF400636A2B /* LaunchScreen.storyboard */,
				8AF2497623FF1F1200636A2B /* GoogleService-Info.plist */,
				8AF2497823FF250D00636A2B /* LaunchViewController.swift */,
				8AF2497A23FF254F00636A2B /* LoginController.swift */,
				8AF2497F23FF25E000636A2B /* Alert.swift */,
				8AF2498123FF264000636A2B /* FlagsController.swift */,
				8AF2497C23FF257800636A2B /* SignInController.swift */,
				8AF2497023FF1CF400636A2B /* Info.plist */,
			);
			path = SuperTrainingProgrammatically;
			sourceTree = "<group>";
		};
/* End PBXGroup section */

/* Begin PBXNativeTarget section */
		8AF2496023FF1CF200636A2B /* SuperTrainingProgrammatically */ = {
			isa = PBXNativeTarget;
			buildConfigurationList = 8AF2497323FF1CF400636A2B /* Build configuration list for PBXNativeTarget "SuperTrainingProgrammatically" */;
			buildPhases = (
				C1879C48E5FF7197D552AE8A /* [CP] Check Pods Manifest.lock */,
				8AF2495D23FF1CF200636A2B /* Sources */,
				8AF2495E23FF1CF200636A2B /* Frameworks */,
				8AF2495F23FF1CF200636A2B /* Resources */,
				24EBFDF95A3F712A46679EA9 /* [CP] Embed Pods Frameworks */,
			);
			buildRules = (
			);
			dependencies = (
			);
			name = SuperTrainingProgrammatically;
			productName = SuperTrainingProgrammatically;
			productReference = 8AF2496123FF1CF200636A2B /* SuperTrainingProgrammatically.app */;
			productType = "com.apple.product-type.application";
		};
/* End PBXNativeTarget section */

/* Begin PBXProject section */
		8AF2495923FF1CF200636A2B /* Project object */ = {
			isa = PBXProject;
			attributes = {
				LastSwiftUpdateCheck = 1020;
				LastUpgradeCheck = 1020;
				ORGANIZATIONNAME = "Stanislav Cherkasov";
				TargetAttributes = {
					8AF2496023FF1CF200636A2B = {
						CreatedOnToolsVersion = 10.2.1;
					};
				};
			};
			buildConfigurationList = 8AF2495C23FF1CF200636A2B /* Build configuration list for PBXProject "SuperTrainingProgrammatically" */;
			compatibilityVersion = "Xcode 9.3";
			developmentRegion = en;
			hasScannedForEncodings = 0;
			knownRegions = (
				en,
				Base,
			);
			mainGroup = 8AF2495823FF1CF200636A2B;
			productRefGroup = 8AF2496223FF1CF200636A2B /* Products */;
			projectDirPath = "";
			projectRoot = "";
			targets = (
				8AF2496023FF1CF200636A2B /* SuperTrainingProgrammatically */,
			);
		};
/* End PBXProject section */

/* Begin PBXResourcesBuildPhase section */
		8AF2495F23FF1CF200636A2B /* Resources */ = {
			isa = PBXResourcesBuildPhase;
			buildActionMask = 2147483647;
			files = (
				8AF2496F23FF1CF400636A2B /* LaunchScreen.storyboard in Resources */,
				8AF2497723FF1F1200636A2B /* GoogleService-Info.plist in Resources */,
				8AF2496C23FF1CF400636A2B /* Assets.xcassets in Resources */,
			);
			runOnlyForDeploymentPostprocessing = 0;
		};
/* End PBXResourcesBuildPhase section */

/* Begin PBXShellScriptBuildPhase section */
		24EBFDF95A3F712A46679EA9 /* [CP] Embed Pods Frameworks */ = {
			isa = PBXShellScriptBuildPhase;
			buildActionMask = 2147483647;
			files = (
			);
			inputFileListPaths = (
				"${PODS_ROOT}/Target Support Files/Pods-SuperTrainingProgrammatically/Pods-SuperTrainingProgrammatically-frameworks-${CONFIGURATION}-input-files.xcfilelist",
			);
			name = "[CP] Embed Pods Frameworks";
			outputFileListPaths = (
				"${PODS_ROOT}/Target Support Files/Pods-SuperTrainingProgrammatically/Pods-SuperTrainingProgrammatically-frameworks-${CONFIGURATION}-output-files.xcfilelist",
			);
			runOnlyForDeploymentPostprocessing = 0;
			shellPath = /bin/sh;
			shellScript = "\"${PODS_ROOT}/Target Support Files/Pods-SuperTrainingProgrammatically/Pods-SuperTrainingProgrammatically-frameworks.sh\"\n";
			showEnvVarsInLog = 0;
		};
		C1879C48E5FF7197D552AE8A /* [CP] Check Pods Manifest.lock */ = {
			isa = PBXShellScriptBuildPhase;
			buildActionMask = 2147483647;
			files = (
			);
			inputFileListPaths = (
			);
			inputPaths = (
				"${PODS_PODFILE_DIR_PATH}/Podfile.lock",
				"${PODS_ROOT}/Manifest.lock",
			);
			name = "[CP] Check Pods Manifest.lock";
			outputFileListPaths = (
			);
			outputPaths = (
				"$(DERIVED_FILE_DIR)/Pods-SuperTrainingProgrammatically-checkManifestLockResult.txt",
			);
			runOnlyForDeploymentPostprocessing = 0;
			shellPath = /bin/sh;
			shellScript = "diff \"${PODS_PODFILE_DIR_PATH}/Podfile.lock\" \"${PODS_ROOT}/Manifest.lock\" > /dev/null\nif [ $? != 0 ] ; then\n    # print error to STDERR\n    echo \"error: The sandbox is not in sync with the Podfile.lock. Run 'pod install' or update your CocoaPods installation.\" >&2\n    exit 1\nfi\n# This output is used by Xcode 'outputs' to avoid re-running this script phase.\necho \"SUCCESS\" > \"${SCRIPT_OUTPUT_FILE_0}\"\n";
			showEnvVarsInLog = 0;
		};
/* End PBXShellScriptBuildPhase section */

/* Begin PBXSourcesBuildPhase section */
		8AF2495D23FF1CF200636A2B /* Sources */ = {
			isa = PBXSourcesBuildPhase;
			buildActionMask = 2147483647;
			files = (
				8AF2498023FF25E000636A2B /* Alert.swift in Sources */,
				8AF2497B23FF254F00636A2B /* LoginController.swift in Sources */,
				8AF2497923FF250D00636A2B /* LaunchViewController.swift in Sources */,
				8AF2497D23FF257800636A2B /* SignInController.swift in Sources */,
				8AF2498223FF264000636A2B /* FlagsController.swift in Sources */,
				8AF2496523FF1CF200636A2B /* AppDelegate.swift in Sources */,
			);
			runOnlyForDeploymentPostprocessing = 0;
		};
/* End PBXSourcesBuildPhase section */

/* Begin PBXVariantGroup section */
		8AF2496D23FF1CF400636A2B /* LaunchScreen.storyboard */ = {
			isa = PBXVariantGroup;
			children = (
				8AF2496E23FF1CF400636A2B /* Base */,
			);
			name = LaunchScreen.storyboard;
			sourceTree = "<group>";
		};
/* End PBXVariantGroup section */

/* Begin XCBuildConfiguration section */
		8AF2497123FF1CF400636A2B /* Debug */ = {
			isa = XCBuildConfiguration;
			buildSettings = {
				ALWAYS_SEARCH_USER_PATHS = NO;
				CLANG_ANALYZER_NONNULL = YES;
				CLANG_ANALYZER_NUMBER_OBJECT_CONVERSION = YES_AGGRESSIVE;
				CLANG_CXX_LANGUAGE_STANDARD = "gnu++14";
				CLANG_CXX_LIBRARY = "libc++";
				CLANG_ENABLE_MODULES = YES;
				CLANG_ENABLE_OBJC_ARC = YES;
				CLANG_ENABLE_OBJC_WEAK = YES;
				CLANG_WARN_BLOCK_CAPTURE_AUTORELEASING = YES;
				CLANG_WARN_BOOL_CONVERSION = YES;
				CLANG_WARN_COMMA = YES;
				CLANG_WARN_CONSTANT_CONVERSION = YES;
				CLANG_WARN_DEPRECATED_OBJC_IMPLEMENTATIONS = YES;
				CLANG_WARN_DIRECT_OBJC_ISA_USAGE = YES_ERROR;
				CLANG_WARN_DOCUMENTATION_COMMENTS = YES;
				CLANG_WARN_EMPTY_BODY = YES;
				CLANG_WARN_ENUM_CONVERSION = YES;
				CLANG_WARN_INFINITE_RECURSION = YES;
				CLANG_WARN_INT_CONVERSION = YES;
				CLANG_WARN_NON_LITERAL_NULL_CONVERSION = YES;
				CLANG_WARN_OBJC_IMPLICIT_RETAIN_SELF = YES;
				CLANG_WARN_OBJC_LITERAL_CONVERSION = YES;
				CLANG_WARN_OBJC_ROOT_CLASS = YES_ERROR;
				CLANG_WARN_RANGE_LOOP_ANALYSIS = YES;
				CLANG_WARN_STRICT_PROTOTYPES = YES;
				CLANG_WARN_SUSPICIOUS_MOVE = YES;
				CLANG_WARN_UNGUARDED_AVAILABILITY = YES_AGGRESSIVE;
				CLANG_WARN_UNREACHABLE_CODE = YES;
				CLANG_WARN__DUPLICATE_METHOD_MATCH = YES;
				CODE_SIGN_IDENTITY = "iPhone Developer";
				COPY_PHASE_STRIP = NO;
				DEBUG_INFORMATION_FORMAT = dwarf;
				ENABLE_STRICT_OBJC_MSGSEND = YES;
				ENABLE_TESTABILITY = YES;
				GCC_C_LANGUAGE_STANDARD = gnu11;
				GCC_DYNAMIC_NO_PIC = NO;
				GCC_NO_COMMON_BLOCKS = YES;
				GCC_OPTIMIZATION_LEVEL = 0;
				GCC_PREPROCESSOR_DEFINITIONS = (
					"DEBUG=1",
					"$(inherited)",
				);
				GCC_WARN_64_TO_32_BIT_CONVERSION = YES;
				GCC_WARN_ABOUT_RETURN_TYPE = YES_ERROR;
				GCC_WARN_UNDECLARED_SELECTOR = YES;
				GCC_WARN_UNINITIALIZED_AUTOS = YES_AGGRESSIVE;
				GCC_WARN_UNUSED_FUNCTION = YES;
				GCC_WARN_UNUSED_VARIABLE = YES;
				IPHONEOS_DEPLOYMENT_TARGET = 12.2;
				MTL_ENABLE_DEBUG_INFO = INCLUDE_SOURCE;
				MTL_FAST_MATH = YES;
				ONLY_ACTIVE_ARCH = YES;
				SDKROOT = iphoneos;
				SWIFT_ACTIVE_COMPILATION_CONDITIONS = DEBUG;
				SWIFT_OPTIMIZATION_LEVEL = "-Onone";
			};
			name = Debug;
		};
		8AF2497223FF1CF400636A2B /* Release */ = {
			isa = XCBuildConfiguration;
			buildSettings = {
				ALWAYS_SEARCH_USER_PATHS = NO;
				CLANG_ANALYZER_NONNULL = YES;
				CLANG_ANALYZER_NUMBER_OBJECT_CONVERSION = YES_AGGRESSIVE;
				CLANG_CXX_LANGUAGE_STANDARD = "gnu++14";
				CLANG_CXX_LIBRARY = "libc++";
				CLANG_ENABLE_MODULES = YES;
				CLANG_ENABLE_OBJC_ARC = YES;
				CLANG_ENABLE_OBJC_WEAK = YES;
				CLANG_WARN_BLOCK_CAPTURE_AUTORELEASING = YES;
				CLANG_WARN_BOOL_CONVERSION = YES;
				CLANG_WARN_COMMA = YES;
				CLANG_WARN_CONSTANT_CONVERSION = YES;
				CLANG_WARN_DEPRECATED_OBJC_IMPLEMENTATIONS = YES;
				CLANG_WARN_DIRECT_OBJC_ISA_USAGE = YES_ERROR;
				CLANG_WARN_DOCUMENTATION_COMMENTS = YES;
				CLANG_WARN_EMPTY_BODY = YES;
				CLANG_WARN_ENUM_CONVERSION = YES;
				CLANG_WARN_INFINITE_RECURSION = YES;
				CLANG_WARN_INT_CONVERSION = YES;
				CLANG_WARN_NON_LITERAL_NULL_CONVERSION = YES;
				CLANG_WARN_OBJC_IMPLICIT_RETAIN_SELF = YES;
				CLANG_WARN_OBJC_LITERAL_CONVERSION = YES;
				CLANG_WARN_OBJC_ROOT_CLASS = YES_ERROR;
				CLANG_WARN_RANGE_LOOP_ANALYSIS = YES;
				CLANG_WARN_STRICT_PROTOTYPES = YES;
				CLANG_WARN_SUSPICIOUS_MOVE = YES;
				CLANG_WARN_UNGUARDED_AVAILABILITY = YES_AGGRESSIVE;
				CLANG_WARN_UNREACHABLE_CODE = YES;
				CLANG_WARN__DUPLICATE_METHOD_MATCH = YES;
				CODE_SIGN_IDENTITY = "iPhone Developer";
				COPY_PHASE_STRIP = NO;
				DEBUG_INFORMATION_FORMAT = "dwarf-with-dsym";
				ENABLE_NS_ASSERTIONS = NO;
				ENABLE_STRICT_OBJC_MSGSEND = YES;
				GCC_C_LANGUAGE_STANDARD = gnu11;
				GCC_NO_COMMON_BLOCKS = YES;
				GCC_WARN_64_TO_32_BIT_CONVERSION = YES;
				GCC_WARN_ABOUT_RETURN_TYPE = YES_ERROR;
				GCC_WARN_UNDECLARED_SELECTOR = YES;
				GCC_WARN_UNINITIALIZED_AUTOS = YES_AGGRESSIVE;
				GCC_WARN_UNUSED_FUNCTION = YES;
				GCC_WARN_UNUSED_VARIABLE = YES;
				IPHONEOS_DEPLOYMENT_TARGET = 12.2;
				MTL_ENABLE_DEBUG_INFO = NO;
				MTL_FAST_MATH = YES;
				SDKROOT = iphoneos;
				SWIFT_COMPILATION_MODE = wholemodule;
				SWIFT_OPTIMIZATION_LEVEL = "-O";
				VALIDATE_PRODUCT = YES;
			};
			name = Release;
		};
		8AF2497423FF1CF400636A2B /* Debug */ = {
			isa = XCBuildConfiguration;
			baseConfigurationReference = B2701E9548CAF007643F79B3 /* Pods-SuperTrainingProgrammatically.debug.xcconfig */;
			buildSettings = {
				ASSETCATALOG_COMPILER_APPICON_NAME = AppIcon;
				CODE_SIGN_STYLE = Automatic;
				DEVELOPMENT_TEAM = HH9AF9DGX8;
				INFOPLIST_FILE = SuperTrainingProgrammatically/Info.plist;
				LD_RUNPATH_SEARCH_PATHS = (
					"$(inherited)",
					"@executable_path/Frameworks",
				);
				PRODUCT_BUNDLE_IDENTIFIER = home.SuperTrainingProgrammatically;
				PRODUCT_NAME = "$(TARGET_NAME)";
				SWIFT_VERSION = 5.0;
				TARGETED_DEVICE_FAMILY = "1,2";
			};
			name = Debug;
		};
		8AF2497523FF1CF400636A2B /* Release */ = {
			isa = XCBuildConfiguration;
			baseConfigurationReference = 5B4CECE37DBA44623B5A5274 /* Pods-SuperTrainingProgrammatically.release.xcconfig */;
			buildSettings = {
				ASSETCATALOG_COMPILER_APPICON_NAME = AppIcon;
				CODE_SIGN_STYLE = Automatic;
				DEVELOPMENT_TEAM = HH9AF9DGX8;
				INFOPLIST_FILE = SuperTrainingProgrammatically/Info.plist;
				LD_RUNPATH_SEARCH_PATHS = (
					"$(inherited)",
					"@executable_path/Frameworks",
				);
				PRODUCT_BUNDLE_IDENTIFIER = home.SuperTrainingProgrammatically;
				PRODUCT_NAME = "$(TARGET_NAME)";
				SWIFT_VERSION = 5.0;
				TARGETED_DEVICE_FAMILY = "1,2";
			};
			name = Release;
		};
/* End XCBuildConfiguration section */

/* Begin XCConfigurationList section */
		8AF2495C23FF1CF200636A2B /* Build configuration list for PBXProject "SuperTrainingProgrammatically" */ = {
			isa = XCConfigurationList;
			buildConfigurations = (
				8AF2497123FF1CF400636A2B /* Debug */,
				8AF2497223FF1CF400636A2B /* Release */,
			);
			defaultConfigurationIsVisible = 0;
			defaultConfigurationName = Release;
		};
		8AF2497323FF1CF400636A2B /* Build configuration list for PBXNativeTarget "SuperTrainingProgrammatically" */ = {
			isa = XCConfigurationList;
			buildConfigurations = (
				8AF2497423FF1CF400636A2B /* Debug */,
				8AF2497523FF1CF400636A2B /* Release */,
			);
			defaultConfigurationIsVisible = 0;
			defaultConfigurationName = Release;
		};
/* End XCConfigurationList section */
	};
	rootObject = 8AF2495923FF1CF200636A2B /* Project object */;
}
